{
  "nodes": {
    "crate2nixGit": {
      "flake": false,
      "locked": {
        "lastModified": 1625308956,
        "narHash": "sha256-fg0p+216Qn6TqKDQGyy6NG981NYXokHvHBgSRrDVGXQ=",
        "owner": "kolloch",
        "repo": "crate2nix",
        "rev": "fd3b1921daf2ae38c71ed6f3a728785d7d3ac4fb",
        "type": "github"
      },
      "original": {
        "owner": "kolloch",
        "repo": "crate2nix",
        "type": "github"
      }
    },
    "gitignore": {
      "flake": false,
      "locked": {
        "lastModified": 1611672876,
        "narHash": "sha256-qHu3uZ/o9jBHiA3MEKHJ06k7w4heOhA+4HCSIvflRxo=",
        "owner": "hercules-ci",
        "repo": "gitignore.nix",
        "rev": "211907489e9f198594c0eb0ca9256a1949c9d412",
        "type": "github"
      },
      "original": {
        "owner": "hercules-ci",
        "repo": "gitignore.nix",
        "type": "github"
      }
    },
    "mozilla": {
      "flake": false,
      "locked": {
        "lastModified": 1622726979,
        "narHash": "sha256-JCBPZVQ4aGe3cmnQc1tjJRwaxqz1b60piQz+/F9CMtc=",
        "owner": "mozilla",
        "repo": "nixpkgs-mozilla",
        "rev": "3f3fba4e2066f28a1ad7ac60e86a688a92eb5b5f",
        "type": "github"
      },
      "original": {
        "owner": "mozilla",
        "repo": "nixpkgs-mozilla",
        "type": "github"
      }
    },
    "nixpkgs": {
      "locked": {
        "lastModified": 1625319128,
        "narHash": "sha256-PRnCUN+LjqmGja6lUkPcf7B3sPNYp9DHAQK/EXpjldE=",
        "owner": "NixOS",
        "repo": "nixpkgs",
        "rev": "bbd248417ddba6d85c0dd83f3fab97120a2bffc1",
        "type": "github"
      },
      "original": {
        "id": "nixpkgs",
        "type": "indirect"
      }
    },
    "root": {
      "inputs": {
        "crate2nixGit": "crate2nixGit",
        "gitignore": "gitignore",
        "mozilla": "mozilla",
        "nixpkgs": "nixpkgs"
      }
    }
  },
  "root": "root",
  "version": 7
}
